
Microsoft Visual Studio Solution File, Format Version 12.00
# Visual Studio Version 17
VisualStudioVersion = 17.14.36221.1 d17.14
MinimumVisualStudioVersion = 10.0.40219.1
Project("{FAE04EC0-301F-11D3-BF4B-00C04F79EFBC}") = "CalcApp", "CalcApp\CalcApp.csproj", "{C8C0D683-4749-4C60-AECB-55E5CA92779E}"
EndProject
Global
	GlobalSection(SolutionConfigurationPlatforms) = preSolution
		Debug|Any CPU = Debug|Any CPU
		Release|Any CPU = Release|Any CPU
	EndGlobalSection
	GlobalSection(ProjectConfigurationPlatforms) = postSolution
		{C8C0D683-4749-4C60-AECB-55E5CA92779E}.Debug|Any CPU.ActiveCfg = Debug|Any CPU
		{C8C0D683-4749-4C60-AECB-55E5CA92779E}.Debug|Any CPU.Build.0 = Debug|Any CPU
		{C8C0D683-4749-4C60-AECB-55E5CA92779E}.Release|Any CPU.ActiveCfg = Release|Any CPU
		{C8C0D683-4749-4C60-AECB-55E5CA92779E}.Release|Any CPU.Build.0 = Release|Any CPU
	EndGlobalSection
	GlobalSection(SolutionProperties) = preSolution
		HideSolutionNode = FALSE
	EndGlobalSection
	GlobalSection(ExtensibilityGlobals) = postSolution
		SolutionGuid = {5FDE23E5-608A-4C16-AEFA-D66B6BA5D615}
	EndGlobalSection
EndGlobal
